// !$*UTF8*$!
{
	archiveVersion = 1;
	classes = {
	};
	objectVersion = 56;
	objects = {

/* Begin PBXBuildFile section */
		4069DAB629BDEA7E0051B731 /* AppDelegate.swift in Sources */ = {isa = PBXBuildFile; fileRef = 4069DAB529BDEA7E0051B731 /* AppDelegate.swift */; };
		4069DAB829BDEA7E0051B731 /* SceneDelegate.swift in Sources */ = {isa = PBXBuildFile; fileRef = 4069DAB729BDEA7E0051B731 /* SceneDelegate.swift */; };
		4069DABF29BDEA800051B731 /* Assets.xcassets in Resources */ = {isa = PBXBuildFile; fileRef = 4069DABE29BDEA800051B731 /* Assets.xcassets */; };
		4069DACA29BDF8D30051B731 /* LectureViewController.swift in Sources */ = {isa = PBXBuildFile; fileRef = 4069DAC929BDF8D30051B731 /* LectureViewController.swift */; };
		4069DACD29BE07F00051B731 /* Image.swift in Sources */ = {isa = PBXBuildFile; fileRef = 4069DACC29BE07F00051B731 /* Image.swift */; };
		4069DACF29BE0AED0051B731 /* TabBarController.swift in Sources */ = {isa = PBXBuildFile; fileRef = 4069DACE29BE0AED0051B731 /* TabBarController.swift */; };
		406AE96429BE647200E44503 /* NetworkManager.swift in Sources */ = {isa = PBXBuildFile; fileRef = 406AE96329BE647200E44503 /* NetworkManager.swift */; };
		406AE96629BE663100E44503 /* Model.swift in Sources */ = {isa = PBXBuildFile; fileRef = 406AE96529BE663100E44503 /* Model.swift */; };
		406AE97029C10F0B00E44503 /* AuthorizationViewController.swift in Sources */ = {isa = PBXBuildFile; fileRef = 406AE96F29C10F0B00E44503 /* AuthorizationViewController.swift */; };
		406AE97529C11AC000E44503 /* SettingsTableViewCell.swift in Sources */ = {isa = PBXBuildFile; fileRef = 406AE97129C11ABF00E44503 /* SettingsTableViewCell.swift */; };
		406AE97629C11AC000E44503 /* SettingsViewController.swift in Sources */ = {isa = PBXBuildFile; fileRef = 406AE97229C11ABF00E44503 /* SettingsViewController.swift */; };
		406AE97729C11AC000E44503 /* AppDetailViewController.swift in Sources */ = {isa = PBXBuildFile; fileRef = 406AE97329C11AC000E44503 /* AppDetailViewController.swift */; };
		406AE97829C11AC000E44503 /* SwitchTableViewCell.swift in Sources */ = {isa = PBXBuildFile; fileRef = 406AE97429C11AC000E44503 /* SwitchTableViewCell.swift */; };
		406AE97A29C3911C00E44503 /* ProfileDetailViewController.swift in Sources */ = {isa = PBXBuildFile; fileRef = 406AE97929C3911C00E44503 /* ProfileDetailViewController.swift */; };
		406AE97E29C8D3F700E44503 /* CoursesViewController.swift in Sources */ = {isa = PBXBuildFile; fileRef = 406AE97D29C8D3F600E44503 /* CoursesViewController.swift */; };
/* End PBXBuildFile section */

/* Begin PBXFileReference section */
		4069DAB229BDEA7E0051B731 /* Nika.app */ = {isa = PBXFileReference; explicitFileType = wrapper.application; includeInIndex = 0; path = Nika.app; sourceTree = BUILT_PRODUCTS_DIR; };
		4069DAB529BDEA7E0051B731 /* AppDelegate.swift */ = {isa = PBXFileReference; lastKnownFileType = sourcecode.swift; path = AppDelegate.swift; sourceTree = "<group>"; };
		4069DAB729BDEA7E0051B731 /* SceneDelegate.swift */ = {isa = PBXFileReference; lastKnownFileType = sourcecode.swift; path = SceneDelegate.swift; sourceTree = "<group>"; };
		4069DABE29BDEA800051B731 /* Assets.xcassets */ = {isa = PBXFileReference; lastKnownFileType = folder.assetcatalog; path = Assets.xcassets; sourceTree = "<group>"; };
		4069DAC329BDEA800051B731 /* Info.plist */ = {isa = PBXFileReference; lastKnownFileType = text.plist.xml; path = Info.plist; sourceTree = "<group>"; };
		4069DAC929BDF8D30051B731 /* LectureViewController.swift */ = {isa = PBXFileReference; lastKnownFileType = sourcecode.swift; path = LectureViewController.swift; sourceTree = "<group>"; };
		4069DACC29BE07F00051B731 /* Image.swift */ = {isa = PBXFileReference; lastKnownFileType = sourcecode.swift; path = Image.swift; sourceTree = "<group>"; };
		4069DACE29BE0AED0051B731 /* TabBarController.swift */ = {isa = PBXFileReference; lastKnownFileType = sourcecode.swift; path = TabBarController.swift; sourceTree = "<group>"; };
		4069DAD229BE17A30051B731 /* leonid.mp4 */ = {isa = PBXFileReference; lastKnownFileType = file; path = leonid.mp4; sourceTree = "<group>"; };
		406AE96329BE647200E44503 /* NetworkManager.swift */ = {isa = PBXFileReference; lastKnownFileType = sourcecode.swift; path = NetworkManager.swift; sourceTree = "<group>"; };
		406AE96529BE663100E44503 /* Model.swift */ = {isa = PBXFileReference; lastKnownFileType = sourcecode.swift; path = Model.swift; sourceTree = "<group>"; };
		406AE96F29C10F0B00E44503 /* AuthorizationViewController.swift */ = {isa = PBXFileReference; lastKnownFileType = sourcecode.swift; path = AuthorizationViewController.swift; sourceTree = "<group>"; };
		406AE97129C11ABF00E44503 /* SettingsTableViewCell.swift */ = {isa = PBXFileReference; fileEncoding = 4; lastKnownFileType = sourcecode.swift; path = SettingsTableViewCell.swift; sourceTree = "<group>"; };
		406AE97229C11ABF00E44503 /* SettingsViewController.swift */ = {isa = PBXFileReference; fileEncoding = 4; lastKnownFileType = sourcecode.swift; path = SettingsViewController.swift; sourceTree = "<group>"; };
		406AE97329C11AC000E44503 /* AppDetailViewController.swift */ = {isa = PBXFileReference; fileEncoding = 4; lastKnownFileType = sourcecode.swift; path = AppDetailViewController.swift; sourceTree = "<group>"; };
		406AE97429C11AC000E44503 /* SwitchTableViewCell.swift */ = {isa = PBXFileReference; fileEncoding = 4; lastKnownFileType = sourcecode.swift; path = SwitchTableViewCell.swift; sourceTree = "<group>"; };
		406AE97929C3911C00E44503 /* ProfileDetailViewController.swift */ = {isa = PBXFileReference; lastKnownFileType = sourcecode.swift; path = ProfileDetailViewController.swift; sourceTree = "<group>"; };
		406AE97D29C8D3F600E44503 /* CoursesViewController.swift */ = {isa = PBXFileReference; lastKnownFileType = sourcecode.swift; path = CoursesViewController.swift; sourceTree = "<group>"; };
/* End PBXFileReference section */

/* Begin PBXFrameworksBuildPhase section */
		4069DAAF29BDEA7E0051B731 /* Frameworks */ = {
			isa = PBXFrameworksBuildPhase;
			buildActionMask = 2147483647;
			files = (
			);
			runOnlyForDeploymentPostprocessing = 0;
		};
/* End PBXFrameworksBuildPhase section */

/* Begin PBXGroup section */
		4069DAA929BDEA7E0051B731 = {
			isa = PBXGroup;
			children = (
				4069DAB429BDEA7E0051B731 /* Nika */,
				4069DAB329BDEA7E0051B731 /* Products */,
			);
			sourceTree = "<group>";
		};
		4069DAB329BDEA7E0051B731 /* Products */ = {
			isa = PBXGroup;
			children = (
				4069DAB229BDEA7E0051B731 /* Nika.app */,
			);
			name = Products;
			sourceTree = "<group>";
		};
		4069DAB429BDEA7E0051B731 /* Nika */ = {
			isa = PBXGroup;
			children = (
				4069DAB529BDEA7E0051B731 /* AppDelegate.swift */,
				4069DAB729BDEA7E0051B731 /* SceneDelegate.swift */,
				4069DAD029BE0DEC0051B731 /* Model */,
				4069DACB29BDF8EE0051B731 /* View */,
				4069DAD129BE178E0051B731 /* video */,
				4069DABE29BDEA800051B731 /* Assets.xcassets */,
				4069DAC329BDEA800051B731 /* Info.plist */,
				406AE96329BE647200E44503 /* NetworkManager.swift */,
			);
			path = Nika;
			sourceTree = "<group>";
		};
		4069DACB29BDF8EE0051B731 /* View */ = {
			isa = PBXGroup;
			children = (
				4069DACE29BE0AED0051B731 /* TabBarController.swift */,
				406AE97D29C8D3F600E44503 /* CoursesViewController.swift */,
				4069DAC929BDF8D30051B731 /* LectureViewController.swift */,
				406AE96F29C10F0B00E44503 /* AuthorizationViewController.swift */,
				406AE97129C11ABF00E44503 /* SettingsTableViewCell.swift */,
				406AE97229C11ABF00E44503 /* SettingsViewController.swift */,
				406AE97429C11AC000E44503 /* SwitchTableViewCell.swift */,
				406AE97329C11AC000E44503 /* AppDetailViewController.swift */,
				406AE97929C3911C00E44503 /* ProfileDetailViewController.swift */,
			);
			path = View;
			sourceTree = "<group>";
		};
		4069DAD029BE0DEC0051B731 /* Model */ = {
			isa = PBXGroup;
			children = (
				4069DACC29BE07F00051B731 /* Image.swift */,
				406AE96529BE663100E44503 /* Model.swift */,
			);
			path = Model;
			sourceTree = "<group>";
		};
		4069DAD129BE178E0051B731 /* video */ = {
			isa = PBXGroup;
			children = (
				4069DAD229BE17A30051B731 /* leonid.mp4 */,
			);
			path = video;
			sourceTree = "<group>";
		};
/* End PBXGroup section */

/* Begin PBXNativeTarget section */
		4069DAB129BDEA7E0051B731 /* Nika */ = {
			isa = PBXNativeTarget;
			buildConfigurationList = 4069DAC629BDEA800051B731 /* Build configuration list for PBXNativeTarget "Nika" */;
			buildPhases = (
				4069DAAE29BDEA7E0051B731 /* Sources */,
				4069DAAF29BDEA7E0051B731 /* Frameworks */,
				4069DAB029BDEA7E0051B731 /* Resources */,
			);
			buildRules = (
			);
			dependencies = (
			);
			name = Nika;
			productName = Nika;
			productReference = 4069DAB229BDEA7E0051B731 /* Nika.app */;
			productType = "com.apple.product-type.application";
		};
/* End PBXNativeTarget section */

/* Begin PBXProject section */
		4069DAAA29BDEA7E0051B731 /* Project object */ = {
			isa = PBXProject;
			attributes = {
				BuildIndependentTargetsInParallel = 1;
				LastSwiftUpdateCheck = 1420;
				LastUpgradeCheck = 1420;
				TargetAttributes = {
					4069DAB129BDEA7E0051B731 = {
						CreatedOnToolsVersion = 14.2;
					};
				};
			};
			buildConfigurationList = 4069DAAD29BDEA7E0051B731 /* Build configuration list for PBXProject "Nika" */;
			compatibilityVersion = "Xcode 14.0";
			developmentRegion = en;
			hasScannedForEncodings = 0;
			knownRegions = (
				en,
				Base,
			);
			mainGroup = 4069DAA929BDEA7E0051B731;
			productRefGroup = 4069DAB329BDEA7E0051B731 /* Products */;
			projectDirPath = "";
			projectRoot = "";
			targets = (
				4069DAB129BDEA7E0051B731 /* Nika */,
			);
		};
/* End PBXProject section */

/* Begin PBXResourcesBuildPhase section */
		4069DAB029BDEA7E0051B731 /* Resources */ = {
			isa = PBXResourcesBuildPhase;
			buildActionMask = 2147483647;
			files = (
				4069DABF29BDEA800051B731 /* Assets.xcassets in Resources */,
			);
			runOnlyForDeploymentPostprocessing = 0;
		};
/* End PBXResourcesBuildPhase section */

/* Begin PBXSourcesBuildPhase section */
		4069DAAE29BDEA7E0051B731 /* Sources */ = {
			isa = PBXSourcesBuildPhase;
			buildActionMask = 2147483647;
			files = (
				4069DAB629BDEA7E0051B731 /* AppDelegate.swift in Sources */,
				406AE97E29C8D3F700E44503 /* CoursesViewController.swift in Sources */,
				4069DACD29BE07F00051B731 /* Image.swift in Sources */,
				406AE97629C11AC000E44503 /* SettingsViewController.swift in Sources */,
				406AE97729C11AC000E44503 /* AppDetailViewController.swift in Sources */,
				406AE97A29C3911C00E44503 /* ProfileDetailViewController.swift in Sources */,
				406AE97029C10F0B00E44503 /* AuthorizationViewController.swift in Sources */,
				4069DAB829BDEA7E0051B731 /* SceneDelegate.swift in Sources */,
				406AE96429BE647200E44503 /* NetworkManager.swift in Sources */,
				4069DACF29BE0AED0051B731 /* TabBarController.swift in Sources */,
				406AE97829C11AC000E44503 /* SwitchTableViewCell.swift in Sources */,
				4069DACA29BDF8D30051B731 /* LectureViewController.swift in Sources */,
				406AE97529C11AC000E44503 /* SettingsTableViewCell.swift in Sources */,
				406AE96629BE663100E44503 /* Model.swift in Sources */,
			);
			runOnlyForDeploymentPostprocessing = 0;
		};
/* End PBXSourcesBuildPhase section */

/* Begin XCBuildConfiguration section */
		4069DAC429BDEA800051B731 /* Debug */ = {
			isa = XCBuildConfiguration;
			buildSettings = {
				ALWAYS_SEARCH_USER_PATHS = NO;
				CLANG_ANALYZER_NONNULL = YES;
				CLANG_ANALYZER_NUMBER_OBJECT_CONVERSION = YES_AGGRESSIVE;
				CLANG_CXX_LANGUAGE_STANDARD = "gnu++20";
				CLANG_ENABLE_MODULES = YES;
				CLANG_ENABLE_OBJC_ARC = YES;
				CLANG_ENABLE_OBJC_WEAK = YES;
				CLANG_WARN_BLOCK_CAPTURE_AUTORELEASING = YES;
				CLANG_WARN_BOOL_CONVERSION = YES;
				CLANG_WARN_COMMA = YES;
				CLANG_WARN_CONSTANT_CONVERSION = YES;
				CLANG_WARN_DEPRECATED_OBJC_IMPLEMENTATIONS = YES;
				CLANG_WARN_DIRECT_OBJC_ISA_USAGE = YES_ERROR;
				CLANG_WARN_DOCUMENTATION_COMMENTS = YES;
				CLANG_WARN_EMPTY_BODY = YES;
				CLANG_WARN_ENUM_CONVERSION = YES;
				CLANG_WARN_INFINITE_RECURSION = YES;
				CLANG_WARN_INT_CONVERSION = YES;
				CLANG_WARN_NON_LITERAL_NULL_CONVERSION = YES;
				CLANG_WARN_OBJC_IMPLICIT_RETAIN_SELF = YES;
				CLANG_WARN_OBJC_LITERAL_CONVERSION = YES;
				CLANG_WARN_OBJC_ROOT_CLASS = YES_ERROR;
				CLANG_WARN_QUOTED_INCLUDE_IN_FRAMEWORK_HEADER = YES;
				CLANG_WARN_RANGE_LOOP_ANALYSIS = YES;
				CLANG_WARN_STRICT_PROTOTYPES = YES;
				CLANG_WARN_SUSPICIOUS_MOVE = YES;
				CLANG_WARN_UNGUARDED_AVAILABILITY = YES_AGGRESSIVE;
				CLANG_WARN_UNREACHABLE_CODE = YES;
				CLANG_WARN__DUPLICATE_METHOD_MATCH = YES;
				COPY_PHASE_STRIP = NO;
				DEBUG_INFORMATION_FORMAT = dwarf;
				ENABLE_STRICT_OBJC_MSGSEND = YES;
				ENABLE_TESTABILITY = YES;
				GCC_C_LANGUAGE_STANDARD = gnu11;
				GCC_DYNAMIC_NO_PIC = NO;
				GCC_NO_COMMON_BLOCKS = YES;
				GCC_OPTIMIZATION_LEVEL = 0;
				GCC_PREPROCESSOR_DEFINITIONS = (
					"DEBUG=1",
					"$(inherited)",
				);
				GCC_WARN_64_TO_32_BIT_CONVERSION = YES;
				GCC_WARN_ABOUT_RETURN_TYPE = YES_ERROR;
				GCC_WARN_UNDECLARED_SELECTOR = YES;
				GCC_WARN_UNINITIALIZED_AUTOS = YES_AGGRESSIVE;
				GCC_WARN_UNUSED_FUNCTION = YES;
				GCC_WARN_UNUSED_VARIABLE = YES;
				IPHONEOS_DEPLOYMENT_TARGET = 16.2;
				MTL_ENABLE_DEBUG_INFO = INCLUDE_SOURCE;
				MTL_FAST_MATH = YES;
				ONLY_ACTIVE_ARCH = YES;
				SDKROOT = iphoneos;
				SWIFT_ACTIVE_COMPILATION_CONDITIONS = DEBUG;
				SWIFT_OPTIMIZATION_LEVEL = "-Onone";
			};
			name = Debug;
		};
		4069DAC529BDEA800051B731 /* Release */ = {
			isa = XCBuildConfiguration;
			buildSettings = {
				ALWAYS_SEARCH_USER_PATHS = NO;
				CLANG_ANALYZER_NONNULL = YES;
				CLANG_ANALYZER_NUMBER_OBJECT_CONVERSION = YES_AGGRESSIVE;
				CLANG_CXX_LANGUAGE_STANDARD = "gnu++20";
				CLANG_ENABLE_MODULES = YES;
				CLANG_ENABLE_OBJC_ARC = YES;
				CLANG_ENABLE_OBJC_WEAK = YES;
				CLANG_WARN_BLOCK_CAPTURE_AUTORELEASING = YES;
				CLANG_WARN_BOOL_CONVERSION = YES;
				CLANG_WARN_COMMA = YES;
				CLANG_WARN_CONSTANT_CONVERSION = YES;
				CLANG_WARN_DEPRECATED_OBJC_IMPLEMENTATIONS = YES;
				CLANG_WARN_DIRECT_OBJC_ISA_USAGE = YES_ERROR;
				CLANG_WARN_DOCUMENTATION_COMMENTS = YES;
				CLANG_WARN_EMPTY_BODY = YES;
				CLANG_WARN_ENUM_CONVERSION = YES;
				CLANG_WARN_INFINITE_RECURSION = YES;
				CLANG_WARN_INT_CONVERSION = YES;
				CLANG_WARN_NON_LITERAL_NULL_CONVERSION = YES;
				CLANG_WARN_OBJC_IMPLICIT_RETAIN_SELF = YES;
				CLANG_WARN_OBJC_LITERAL_CONVERSION = YES;
				CLANG_WARN_OBJC_ROOT_CLASS = YES_ERROR;
				CLANG_WARN_QUOTED_INCLUDE_IN_FRAMEWORK_HEADER = YES;
				CLANG_WARN_RANGE_LOOP_ANALYSIS = YES;
				CLANG_WARN_STRICT_PROTOTYPES = YES;
				CLANG_WARN_SUSPICIOUS_MOVE = YES;
				CLANG_WARN_UNGUARDED_AVAILABILITY = YES_AGGRESSIVE;
				CLANG_WARN_UNREACHABLE_CODE = YES;
				CLANG_WARN__DUPLICATE_METHOD_MATCH = YES;
				COPY_PHASE_STRIP = NO;
				DEBUG_INFORMATION_FORMAT = "dwarf-with-dsym";
				ENABLE_NS_ASSERTIONS = NO;
				ENABLE_STRICT_OBJC_MSGSEND = YES;
				GCC_C_LANGUAGE_STANDARD = gnu11;
				GCC_NO_COMMON_BLOCKS = YES;
				GCC_WARN_64_TO_32_BIT_CONVERSION = YES;
				GCC_WARN_ABOUT_RETURN_TYPE = YES_ERROR;
				GCC_WARN_UNDECLARED_SELECTOR = YES;
				GCC_WARN_UNINITIALIZED_AUTOS = YES_AGGRESSIVE;
				GCC_WARN_UNUSED_FUNCTION = YES;
				GCC_WARN_UNUSED_VARIABLE = YES;
				IPHONEOS_DEPLOYMENT_TARGET = 16.2;
				MTL_ENABLE_DEBUG_INFO = NO;
				MTL_FAST_MATH = YES;
				SDKROOT = iphoneos;
				SWIFT_COMPILATION_MODE = wholemodule;
				SWIFT_OPTIMIZATION_LEVEL = "-O";
				VALIDATE_PRODUCT = YES;
			};
			name = Release;
		};
		4069DAC729BDEA800051B731 /* Debug */ = {
			isa = XCBuildConfiguration;
			buildSettings = {
				ASSETCATALOG_COMPILER_APPICON_NAME = AppIcon;
				ASSETCATALOG_COMPILER_GLOBAL_ACCENT_COLOR_NAME = AccentColor;
				CODE_SIGN_STYLE = Automatic;
				CURRENT_PROJECT_VERSION = 1;
				DEVELOPMENT_TEAM = 86GJ67H28Q;
				GENERATE_INFOPLIST_FILE = YES;
				INFOPLIST_FILE = Nika/Info.plist;
				INFOPLIST_KEY_UIApplicationSupportsIndirectInputEvents = YES;
				INFOPLIST_KEY_UILaunchStoryboardName = LaunchScreen;
				INFOPLIST_KEY_UIStatusBarStyle = "";
				INFOPLIST_KEY_UISupportedInterfaceOrientations = "UIInterfaceOrientationLandscapeLeft UIInterfaceOrientationLandscapeRight UIInterfaceOrientationPortrait";
				INFOPLIST_KEY_UISupportedInterfaceOrientations_iPad = "UIInterfaceOrientationLandscapeLeft UIInterfaceOrientationLandscapeRight UIInterfaceOrientationPortrait UIInterfaceOrientationPortraitUpsideDown";
				LD_RUNPATH_SEARCH_PATHS = (
					"$(inherited)",
					"@executable_path/Frameworks",
				);
				MARKETING_VERSION = 1.0;
				PRODUCT_BUNDLE_IDENTIFIER = xanew.Nika;
				PRODUCT_NAME = "$(TARGET_NAME)";
				SWIFT_EMIT_LOC_STRINGS = YES;
				SWIFT_VERSION = 5.0;
				TARGETED_DEVICE_FAMILY = "1,2";
			};
			name = Debug;
		};
		4069DAC829BDEA800051B731 /* Release */ = {
			isa = XCBuildConfiguration;
			buildSettings = {
				ASSETCATALOG_COMPILER_APPICON_NAME = AppIcon;
				ASSETCATALOG_COMPILER_GLOBAL_ACCENT_COLOR_NAME = AccentColor;
				CODE_SIGN_STYLE = Automatic;
				CURRENT_PROJECT_VERSION = 1;
				DEVELOPMENT_TEAM = 86GJ67H28Q;
				GENERATE_INFOPLIST_FILE = YES;
				INFOPLIST_FILE = Nika/Info.plist;
				INFOPLIST_KEY_UIApplicationSupportsIndirectInputEvents = YES;
				INFOPLIST_KEY_UILaunchStoryboardName = LaunchScreen;
				INFOPLIST_KEY_UIStatusBarStyle = "";
				INFOPLIST_KEY_UISupportedInterfaceOrientations = "UIInterfaceOrientationLandscapeLeft UIInterfaceOrientationLandscapeRight UIInterfaceOrientationPortrait";
				INFOPLIST_KEY_UISupportedInterfaceOrientations_iPad = "UIInterfaceOrientationLandscapeLeft UIInterfaceOrientationLandscapeRight UIInterfaceOrientationPortrait UIInterfaceOrientationPortraitUpsideDown";
				LD_RUNPATH_SEARCH_PATHS = (
					"$(inherited)",
					"@executable_path/Frameworks",
				);
				MARKETING_VERSION = 1.0;
				PRODUCT_BUNDLE_IDENTIFIER = xanew.Nika;
				PRODUCT_NAME = "$(TARGET_NAME)";
				SWIFT_EMIT_LOC_STRINGS = YES;
				SWIFT_VERSION = 5.0;
				TARGETED_DEVICE_FAMILY = "1,2";
			};
			name = Release;
		};
/* End XCBuildConfiguration section */

/* Begin XCConfigurationList section */
		4069DAAD29BDEA7E0051B731 /* Build configuration list for PBXProject "Nika" */ = {
			isa = XCConfigurationList;
			buildConfigurations = (
				4069DAC429BDEA800051B731 /* Debug */,
				4069DAC529BDEA800051B731 /* Release */,
			);
			defaultConfigurationIsVisible = 0;
			defaultConfigurationName = Release;
		};
		4069DAC629BDEA800051B731 /* Build configuration list for PBXNativeTarget "Nika" */ = {
			isa = XCConfigurationList;
			buildConfigurations = (
				4069DAC729BDEA800051B731 /* Debug */,
				4069DAC829BDEA800051B731 /* Release */,
			);
			defaultConfigurationIsVisible = 0;
			defaultConfigurationName = Release;
		};
/* End XCConfigurationList section */
	};
	rootObject = 4069DAAA29BDEA7E0051B731 /* Project object */;
}
